{
  "version": 4,
  "terraform_version": "1.5.7",
  "serial": 97,
  "lineage": "7b70c99d-4666-e66a-2963-15ff6939ece5",
  "outputs": {},
  "resources": [
    {
      "module": "module.aqua",
      "mode": "managed",
      "type": "helm_release",
      "name": "aqua",
      "provider": "provider[\"registry.terraform.io/hashicorp/helm\"]",
      "instances": [
        {
          "schema_version": 1,
          "attributes": {
            "atomic": false,
            "chart": "trivy-operator",
            "cleanup_on_fail": false,
            "create_namespace": true,
            "dependency_update": false,
            "description": null,
            "devel": null,
            "disable_crd_hooks": false,
            "disable_openapi_validation": false,
            "disable_webhooks": false,
            "force_update": false,
            "id": "aqua",
            "keyring": null,
            "lint": false,
            "manifest": null,
            "max_history": 0,
            "metadata": {
              "app_version": "0.26.1",
              "chart": "trivy-operator",
              "first_deployed": 1749155647,
              "last_deployed": 1749155647,
              "name": "aqua",
              "namespace": "trivy-system",
              "revision": 1,
              "values": "{\"trivy.ignoreUnfixed\":true}",
              "version": "0.28.1"
            },
            "name": "aqua",
            "namespace": "trivy-system",
            "pass_credentials": false,
            "postrender": null,
            "recreate_pods": false,
            "render_subchart_notes": true,
            "replace": false,
            "repository": "https://aquasecurity.github.io/helm-charts/",
            "repository_ca_file": null,
            "repository_cert_file": null,
            "repository_key_file": null,
            "repository_password": null,
            "repository_username": null,
            "reset_values": false,
            "reuse_values": false,
            "set": [],
            "set_list": null,
            "set_sensitive": null,
            "set_wo": null,
            "set_wo_revision": null,
            "skip_crds": false,
            "status": "deployed",
            "timeout": 300,
            "values": [
              "trivy.ignoreUnfixed: true"
            ],
            "verify": false,
            "version": "0.28.1",
            "wait": true,
            "wait_for_jobs": false
          },
          "sensitive_attributes": []
        }
      ]
    },
    {
      "module": "module.opensearch",
      "mode": "managed",
      "type": "helm_release",
      "name": "fluent-bit",
      "provider": "provider[\"registry.terraform.io/hashicorp/helm\"]",
      "instances": [
        {
          "schema_version": 1,
          "attributes": {
            "atomic": false,
            "chart": "fluent-bit",
            "cleanup_on_fail": false,
            "create_namespace": false,
            "dependency_update": false,
            "description": null,
            "devel": null,
            "disable_crd_hooks": false,
            "disable_openapi_validation": false,
            "disable_webhooks": false,
            "force_update": true,
            "id": "fluent",
            "keyring": null,
            "lint": false,
            "manifest": null,
            "max_history": 0,
            "metadata": {
              "app_version": "4.0.3",
              "chart": "fluent-bit",
              "first_deployed": 1749155993,
              "last_deployed": 1749156167,
              "name": "fluent",
              "namespace": "default",
              "revision": 2,
              "values": "{\"config.filters\":\"[FILTER]\\n    Name kubernetes\\n    Match kube.*\\n    Merge_Log On\\n    Keep_Log Off\\n    K8S-Logging.Parser On\\n    K8S-Logging.Exclude On\\n[FILTER]\\n    Name                  multiline\\n    Match                 kube.*\\n    multiline.key_content log\\n    multiline.parser      java\\n\",\"config.inputs\":\"[INPUT]\\n    Name tail\\n    Path /var/log/containers/*.log\\n    multiline.parser docker, cri\\n    Tag kube.*\\n    Mem_Buf_Limit 25MB\\n\\n[INPUT]\\n    Name systemd\\n    Tag host.*\\n    Systemd_Filter _SYSTEMD_UNIT=kubelet.service\\n    Read_From_Tail On\\n\",\"config.logLevel\":\"warning\",\"config.outputs\":\"[OUTPUT]\\n    Name es\\n    Match kube.*\\n    Host opensearch-cluster-master\\n    Logstash_Format On\\n    Logstash_Prefix fluentk8-prod\\n    Time_key @timestamp\\n    tls On\\n    tls.verify Off\\n    Trace_Error Off\\n    HTTP_User ${fluent_bit_user}\\n    HTTP_Passwd ${fluent_bit_password}\\n    Retry_Limit false\\n    Suppress_Type_Name  On\\n    Replace_Dots On\\n\",\"config.service\":\"[SERVICE]\\n    Daemon Off\\n    Flush {{ .Values.flush }}\\n    Log_Level {{ .Values.logLevel }}\\n    Parsers_File /fluent-bit/etc/parsers.conf\\n    Parsers_File /fluent-bit/etc/conf/custom_parsers.conf\\n    HTTP_Server On\\n    HTTP_Listen 0.0.0.0\\n    HTTP_Port {{ .Values.metricsPort }}\\n    Health_Check On\\n\",\"env\":[{\"name\":\"fluent_bit_user\",\"valueFrom\":{\"secretKeyRef\":{\"key\":\"username\",\"name\":\"os-admin-credentials\"}}},{\"name\":\"fluent_bit_password \",\"valueFrom\":{\"secretKeyRef\":{\"key\":\"password\",\"name\":\"os-admin-credentials\"}}}],\"replicas\":1,\"resources\":{\"requests\":{\"cpu\":1,\"memory\":\"2Gi\"}}}",
              "version": "0.49.1"
            },
            "name": "fluent",
            "namespace": "default",
            "pass_credentials": false,
            "postrender": null,
            "recreate_pods": true,
            "render_subchart_notes": true,
            "replace": false,
            "repository": "https://fluent.github.io/helm-charts",
            "repository_ca_file": null,
            "repository_cert_file": null,
            "repository_key_file": null,
            "repository_password": null,
            "repository_username": null,
            "reset_values": false,
            "reuse_values": false,
            "set": [],
            "set_list": null,
            "set_sensitive": null,
            "set_wo": null,
            "set_wo_revision": null,
            "skip_crds": false,
            "status": "deployed",
            "timeout": 300,
            "values": [
              "replicas: 1\nresources:\n  requests:\n    memory: \"2Gi\"\n    cpu: 1\n\nenv:\n  - name: fluent_bit_user\n    valueFrom:\n      secretKeyRef:\n        name: \"os-admin-credentials\"\n        key: \"username\"\n  - name: \"fluent_bit_password \"\n    valueFrom:\n      secretKeyRef:\n        name: \"os-admin-credentials\"\n        key: \"password\"\n\nconfig.logLevel: \"warning\"\nconfig.service: |\n  [SERVICE]\n      Daemon Off\n      Flush {{ .Values.flush }}\n      Log_Level {{ .Values.logLevel }}\n      Parsers_File /fluent-bit/etc/parsers.conf\n      Parsers_File /fluent-bit/etc/conf/custom_parsers.conf\n      HTTP_Server On\n      HTTP_Listen 0.0.0.0\n      HTTP_Port {{ .Values.metricsPort }}\n      Health_Check On\nconfig.inputs: |\n  [INPUT]\n      Name tail\n      Path /var/log/containers/*.log\n      multiline.parser docker, cri\n      Tag kube.*\n      Mem_Buf_Limit 25MB\n\n  [INPUT]\n      Name systemd\n      Tag host.*\n      Systemd_Filter _SYSTEMD_UNIT=kubelet.service\n      Read_From_Tail On\nconfig.filters: |\n  [FILTER]\n      Name kubernetes\n      Match kube.*\n      Merge_Log On\n      Keep_Log Off\n      K8S-Logging.Parser On\n      K8S-Logging.Exclude On\n  [FILTER]\n      Name                  multiline\n      Match                 kube.*\n      multiline.key_content log\n      multiline.parser      java\nconfig.outputs: |\n  [OUTPUT]\n      Name es\n      Match kube.*\n      Host opensearch-cluster-master\n      Logstash_Format On\n      Logstash_Prefix fluentk8-prod\n      Time_key @timestamp\n      tls On\n      tls.verify Off\n      Trace_Error Off\n      HTTP_User ${fluent_bit_user}\n      HTTP_Passwd ${fluent_bit_password}\n      Retry_Limit false\n      Suppress_Type_Name  On\n      Replace_Dots On\n"
            ],
            "verify": false,
            "version": "0.49.1",
            "wait": true,
            "wait_for_jobs": false
          },
          "sensitive_attributes": []
        }
      ]
    },
    {
      "module": "module.opensearch",
      "mode": "managed",
      "type": "helm_release",
      "name": "opensearch",
      "provider": "provider[\"registry.terraform.io/hashicorp/helm\"]",
      "instances": [
        {
          "index_key": 0,
          "schema_version": 1,
          "attributes": {
            "atomic": false,
            "chart": "opensearch",
            "cleanup_on_fail": false,
            "create_namespace": false,
            "dependency_update": false,
            "description": null,
            "devel": null,
            "disable_crd_hooks": false,
            "disable_openapi_validation": false,
            "disable_webhooks": false,
            "force_update": true,
            "id": "opensearch",
            "keyring": null,
            "lint": false,
            "manifest": null,
            "max_history": 0,
            "metadata": {
              "app_version": "3.0.0",
              "chart": "opensearch",
              "first_deployed": 1749155992,
              "last_deployed": 1749155992,
              "name": "opensearch",
              "namespace": "default",
              "revision": 1,
              "values": "{\"extraEnvs\":[{\"name\":\"OPENSEARCH_INITIAL_ADMIN_PASSWORD\",\"valueFrom\":{\"secretKeyRef\":{\"key\":\"password\",\"name\":\"os-admin-credentials\"}}}],\"persistence\":{\"size\":\"40G\"},\"rbac\":{\"automountServiceAccountToken\":false,\"create\":true,\"serviceAccountName\":\"opensearchassumedrole\"},\"replicas\":1,\"resources\":{\"requests\":{\"cpu\":1,\"memory\":\"512M\"}}}",
              "version": "3.0.0"
            },
            "name": "opensearch",
            "namespace": "default",
            "pass_credentials": false,
            "postrender": null,
            "recreate_pods": false,
            "render_subchart_notes": true,
            "replace": false,
            "repository": "https://opensearch-project.github.io/helm-charts/",
            "repository_ca_file": null,
            "repository_cert_file": null,
            "repository_key_file": null,
            "repository_password": null,
            "repository_username": null,
            "reset_values": false,
            "reuse_values": false,
            "set": null,
            "set_list": null,
            "set_sensitive": null,
            "set_wo": null,
            "set_wo_revision": null,
            "skip_crds": false,
            "status": "deployed",
            "timeout": 300,
            "values": [
              "replicas: 1\n\nresources:\n  requests:\n    memory: \"512M\"\n    cpu: 1\n\npersistence:\n  size: \"40G\"\n\nrbac:\n  create: true\n  serviceAccountName: \"opensearchassumedrole\"\n  automountServiceAccountToken: false\n\nextraEnvs:\n  - name: OPENSEARCH_INITIAL_ADMIN_PASSWORD\n    valueFrom:\n      secretKeyRef:\n        name: \"os-admin-credentials\"\n        key: \"password\"\n"
            ],
            "verify": false,
            "version": "3.0.0",
            "wait": true,
            "wait_for_jobs": false
          },
          "sensitive_attributes": []
        }
      ]
    },
    {
      "module": "module.opensearch",
      "mode": "managed",
      "type": "kubernetes_secret",
      "name": "os_admin_credentials",
      "provider": "provider[\"registry.terraform.io/hashicorp/kubernetes\"]",
      "instances": [
        {
          "schema_version": 0,
          "attributes": {
            "binary_data": null,
            "binary_data_wo": null,
            "binary_data_wo_revision": null,
            "data": {
              "password": "SuperSecretR0d3nt",
              "username": "fluentprod"
            },
            "data_wo": null,
            "data_wo_revision": null,
            "id": "opensearch/os-admin-credentials",
            "immutable": false,
            "metadata": [
              {
                "annotations": null,
                "generate_name": "",
                "generation": 0,
                "labels": null,
                "name": "os-admin-credentials",
                "namespace": "opensearch",
                "resource_version": "389757",
                "uid": "8a2faa41-6489-4833-9b0c-4f24fa8320b9"
              }
            ],
            "timeouts": null,
            "type": "Opaque",
            "wait_for_service_account_token": true
          },
          "sensitive_attributes": [],
          "private": "eyJlMmJmYjczMC1lY2FhLTExZTYtOGY4OC0zNDM2M2JjN2M0YzAiOnsiY3JlYXRlIjo2MDAwMDAwMDAwMH19"
        }
      ]
    }
  ],
  "check_results": null
}
